
Microsoft Visual Studio Solution File, Format Version 11.00
# Visual Studio 2010
Project("{FAE04EC0-301F-11D3-BF4B-00C04F79EFBC}") = "Assembly-CSharp", "Assembly-CSharp.csproj", "{66A06A1D-0614-DE06-9D6D-4F9068320E73}"
EndProject
Global
	GlobalSection(SolutionConfigurationPlatforms) = preSolution
		Debug|Any CPU = Debug|Any CPU
		Release|Any CPU = Release|Any CPU
	EndGlobalSection
	GlobalSection(ProjectConfigurationPlatforms) = postSolution
		{66A06A1D-0614-DE06-9D6D-4F9068320E73}.Debug|Any CPU.ActiveCfg = Debug|Any CPU
		{66A06A1D-0614-DE06-9D6D-4F9068320E73}.Debug|Any CPU.Build.0 = Debug|Any CPU
		{66A06A1D-0614-DE06-9D6D-4F9068320E73}.Release|Any CPU.ActiveCfg = Release|Any CPU
		{66A06A1D-0614-DE06-9D6D-4F9068320E73}.Release|Any CPU.Build.0 = Release|Any CPU
	EndGlobalSection
	GlobalSection(SolutionProperties) = preSolution
		HideSolutionNode = FALSE
	EndGlobalSection
	GlobalSection(MonoDevelopProperties) = preSolution
		StartupItem = Assembly-CSharp.csproj
	EndGlobalSection
EndGlobal
